// !$*UTF8*$!
{
	archiveVersion = 1;
	classes = {
	};
	objectVersion = 46;
	objects = {

/* Begin PBXBuildFile section */
		4C6BA77E1D0EB2870089AAF1 /* main.m in Sources */ = {isa = PBXBuildFile; fileRef = 4C6BA77D1D0EB2870089AAF1 /* main.m */; };
		4C6BA7811D0EB2870089AAF1 /* AppDelegate.m in Sources */ = {isa = PBXBuildFile; fileRef = 4C6BA7801D0EB2870089AAF1 /* AppDelegate.m */; };
		4C6BA7841D0EB2870089AAF1 /* ViewController.m in Sources */ = {isa = PBXBuildFile; fileRef = 4C6BA7831D0EB2870089AAF1 /* ViewController.m */; };
		4C6BA7891D0EB2870089AAF1 /* Assets.xcassets in Resources */ = {isa = PBXBuildFile; fileRef = 4C6BA7881D0EB2870089AAF1 /* Assets.xcassets */; };
		4C6BA78C1D0EB2870089AAF1 /* LaunchScreen.storyboard in Resources */ = {isa = PBXBuildFile; fileRef = 4C6BA78A1D0EB2870089AAF1 /* LaunchScreen.storyboard */; };
		E9BA63E36D6F749BE4FB515F /* Pods_Demo.framework in Frameworks */ = {isa = PBXBuildFile; fileRef = 6C3DF0AAC2285AE12BA80D2B /* Pods_Demo.framework */; };
/* End PBXBuildFile section */

/* Begin PBXFileReference section */
		33A6CC7ACD61CF408B5929F4 /* Pods-Demo.debug.xcconfig */ = {isa = PBXFileReference; includeInIndex = 1; lastKnownFileType = text.xcconfig; name = "Pods-Demo.debug.xcconfig"; path = "Pods/Target Support Files/Pods-Demo/Pods-Demo.debug.xcconfig"; sourceTree = "<group>"; };
		4C6BA7791D0EB2870089AAF1 /* Demo.app */ = {isa = PBXFileReference; explicitFileType = wrapper.application; includeInIndex = 0; path = Demo.app; sourceTree = BUILT_PRODUCTS_DIR; };
		4C6BA77D1D0EB2870089AAF1 /* main.m */ = {isa = PBXFileReference; lastKnownFileType = sourcecode.c.objc; path = main.m; sourceTree = "<group>"; };
		4C6BA77F1D0EB2870089AAF1 /* AppDelegate.h */ = {isa = PBXFileReference; lastKnownFileType = sourcecode.c.h; path = AppDelegate.h; sourceTree = "<group>"; };
		4C6BA7801D0EB2870089AAF1 /* AppDelegate.m */ = {isa = PBXFileReference; lastKnownFileType = sourcecode.c.objc; path = AppDelegate.m; sourceTree = "<group>"; };
		4C6BA7821D0EB2870089AAF1 /* ViewController.h */ = {isa = PBXFileReference; lastKnownFileType = sourcecode.c.h; path = ViewController.h; sourceTree = "<group>"; };
		4C6BA7831D0EB2870089AAF1 /* ViewController.m */ = {isa = PBXFileReference; lastKnownFileType = sourcecode.c.objc; path = ViewController.m; sourceTree = "<group>"; };
		4C6BA7881D0EB2870089AAF1 /* Assets.xcassets */ = {isa = PBXFileReference; lastKnownFileType = folder.assetcatalog; path = Assets.xcassets; sourceTree = "<group>"; };
		4C6BA78B1D0EB2870089AAF1 /* Base */ = {isa = PBXFileReference; lastKnownFileType = file.storyboard; name = Base; path = Base.lproj/LaunchScreen.storyboard; sourceTree = "<group>"; };
		4C6BA78D1D0EB2870089AAF1 /* Info.plist */ = {isa = PBXFileReference; lastKnownFileType = text.plist.xml; path = Info.plist; sourceTree = "<group>"; };
		4C6BA7941D0EB71E0089AAF1 /* Demo-Header.pch */ = {isa = PBXFileReference; fileEncoding = 4; lastKnownFileType = sourcecode.c.h; path = "Demo-Header.pch"; sourceTree = "<group>"; };
		58FB609AD2046111B07B1298 /* Pods-Demo.release.xcconfig */ = {isa = PBXFileReference; includeInIndex = 1; lastKnownFileType = text.xcconfig; name = "Pods-Demo.release.xcconfig"; path = "Pods/Target Support Files/Pods-Demo/Pods-Demo.release.xcconfig"; sourceTree = "<group>"; };
		6C3DF0AAC2285AE12BA80D2B /* Pods_Demo.framework */ = {isa = PBXFileReference; explicitFileType = wrapper.framework; includeInIndex = 0; path = Pods_Demo.framework; sourceTree = BUILT_PRODUCTS_DIR; };
/* End PBXFileReference section */

/* Begin PBXFrameworksBuildPhase section */
		4C6BA7761D0EB2870089AAF1 /* Frameworks */ = {
			isa = PBXFrameworksBuildPhase;
			buildActionMask = 2147483647;
			files = (
				E9BA63E36D6F749BE4FB515F /* Pods_Demo.framework in Frameworks */,
			);
			runOnlyForDeploymentPostprocessing = 0;
		};
/* End PBXFrameworksBuildPhase section */

/* Begin PBXGroup section */
		41A1389FAD17B8388F74BE81 /* Frameworks */ = {
			isa = PBXGroup;
			children = (
				6C3DF0AAC2285AE12BA80D2B /* Pods_Demo.framework */,
			);
			name = Frameworks;
			sourceTree = "<group>";
		};
		4C6BA7701D0EB2870089AAF1 = {
			isa = PBXGroup;
			children = (
				4C6BA77B1D0EB2870089AAF1 /* Demo */,
				4C6BA77A1D0EB2870089AAF1 /* Products */,
				E4D6E59883CD358BDFCD7704 /* Pods */,
				41A1389FAD17B8388F74BE81 /* Frameworks */,
			);
			sourceTree = "<group>";
		};
		4C6BA77A1D0EB2870089AAF1 /* Products */ = {
			isa = PBXGroup;
			children = (
				4C6BA7791D0EB2870089AAF1 /* Demo.app */,
			);
			name = Products;
			sourceTree = "<group>";
		};
		4C6BA77B1D0EB2870089AAF1 /* Demo */ = {
			isa = PBXGroup;
			children = (
				4C6BA77F1D0EB2870089AAF1 /* AppDelegate.h */,
				4C6BA7801D0EB2870089AAF1 /* AppDelegate.m */,
				4C6BA7821D0EB2870089AAF1 /* ViewController.h */,
				4C6BA7831D0EB2870089AAF1 /* ViewController.m */,
				4C6BA7881D0EB2870089AAF1 /* Assets.xcassets */,
				4C6BA78A1D0EB2870089AAF1 /* LaunchScreen.storyboard */,
				4C6BA78D1D0EB2870089AAF1 /* Info.plist */,
				4C6BA77C1D0EB2870089AAF1 /* Supporting Files */,
			);
			path = Demo;
			sourceTree = "<group>";
		};
		4C6BA77C1D0EB2870089AAF1 /* Supporting Files */ = {
			isa = PBXGroup;
			children = (
				4C6BA77D1D0EB2870089AAF1 /* main.m */,
				4C6BA7941D0EB71E0089AAF1 /* Demo-Header.pch */,
			);
			name = "Supporting Files";
			sourceTree = "<group>";
		};
		E4D6E59883CD358BDFCD7704 /* Pods */ = {
			isa = PBXGroup;
			children = (
				33A6CC7ACD61CF408B5929F4 /* Pods-Demo.debug.xcconfig */,
				58FB609AD2046111B07B1298 /* Pods-Demo.release.xcconfig */,
			);
			name = Pods;
			sourceTree = "<group>";
		};
/* End PBXGroup section */

/* Begin PBXNativeTarget section */
		4C6BA7781D0EB2870089AAF1 /* Demo */ = {
			isa = PBXNativeTarget;
			buildConfigurationList = 4C6BA7901D0EB2870089AAF1 /* Build configuration list for PBXNativeTarget "Demo" */;
			buildPhases = (
				71284098E2D2C0EDF68A464A /* [CP] Check Pods Manifest.lock */,
				4C6BA7751D0EB2870089AAF1 /* Sources */,
				4C6BA7761D0EB2870089AAF1 /* Frameworks */,
				4C6BA7771D0EB2870089AAF1 /* Resources */,
				74CCD9506CD53DDAD3E51759 /* [CP] Embed Pods Frameworks */,
				9004FB8B7F81C5E616136A5D /* [CP] Copy Pods Resources */,
			);
			buildRules = (
			);
			dependencies = (
			);
			name = Demo;
			productName = Demo;
			productReference = 4C6BA7791D0EB2870089AAF1 /* Demo.app */;
			productType = "com.apple.product-type.application";
		};
/* End PBXNativeTarget section */

/* Begin PBXProject section */
		4C6BA7711D0EB2870089AAF1 /* Project object */ = {
			isa = PBXProject;
			attributes = {
				LastUpgradeCheck = 0730;
				ORGANIZATIONNAME = Storie;
				TargetAttributes = {
					4C6BA7781D0EB2870089AAF1 = {
						CreatedOnToolsVersion = 7.3.1;
					};
				};
			};
			buildConfigurationList = 4C6BA7741D0EB2870089AAF1 /* Build configuration list for PBXProject "Demo" */;
			compatibilityVersion = "Xcode 3.2";
			developmentRegion = English;
			hasScannedForEncodings = 0;
			knownRegions = (
				en,
				Base,
			);
			mainGroup = 4C6BA7701D0EB2870089AAF1;
			productRefGroup = 4C6BA77A1D0EB2870089AAF1 /* Products */;
			projectDirPath = "";
			projectRoot = "";
			targets = (
				4C6BA7781D0EB2870089AAF1 /* Demo */,
			);
		};
/* End PBXProject section */

/* Begin PBXResourcesBuildPhase section */
		4C6BA7771D0EB2870089AAF1 /* Resources */ = {
			isa = PBXResourcesBuildPhase;
			buildActionMask = 2147483647;
			files = (
				4C6BA78C1D0EB2870089AAF1 /* LaunchScreen.storyboard in Resources */,
				4C6BA7891D0EB2870089AAF1 /* Assets.xcassets in Resources */,
			);
			runOnlyForDeploymentPostprocessing = 0;
		};
/* End PBXResourcesBuildPhase section */

/* Begin PBXShellScriptBuildPhase section */
		71284098E2D2C0EDF68A464A /* [CP] Check Pods Manifest.lock */ = {
			isa = PBXShellScriptBuildPhase;
			buildActionMask = 2147483647;
			files = (
			);
			inputPaths = (
			);
			name = "[CP] Check Pods Manifest.lock";
			outputPaths = (
			);
			runOnlyForDeploymentPostprocessing = 0;
			shellPath = /bin/sh;
			shellScript = "diff \"${PODS_ROOT}/../Podfile.lock\" \"${PODS_ROOT}/Manifest.lock\" > /dev/null\nif [[ $? != 0 ]] ; then\n    cat << EOM\nerror: The sandbox is not in sync with the Podfile.lock. Run 'pod install' or update your CocoaPods installation.\nEOM\n    exit 1\nfi\n";
			showEnvVarsInLog = 0;
		};
		74CCD9506CD53DDAD3E51759 /* [CP] Embed Pods Frameworks */ = {
			isa = PBXShellScriptBuildPhase;
			buildActionMask = 2147483647;
			files = (
			);
			inputPaths = (
			);
			name = "[CP] Embed Pods Frameworks";
			outputPaths = (
			);
			runOnlyForDeploymentPostprocessing = 0;
			shellPath = /bin/sh;
			shellScript = "\"${SRCROOT}/Pods/Target Support Files/Pods-Demo/Pods-Demo-frameworks.sh\"\n";
			showEnvVarsInLog = 0;
		};
		9004FB8B7F81C5E616136A5D /* [CP] Copy Pods Resources */ = {
			isa = PBXShellScriptBuildPhase;
			buildActionMask = 2147483647;
			files = (
			);
			inputPaths = (
			);
			name = "[CP] Copy Pods Resources";
			outputPaths = (
			);
			runOnlyForDeploymentPostprocessing = 0;
			shellPath = /bin/sh;
			shellScript = "\"${SRCROOT}/Pods/Target Support Files/Pods-Demo/Pods-Demo-resources.sh\"\n";
			showEnvVarsInLog = 0;
		};
/* End PBXShellScriptBuildPhase section */

/* Begin PBXSourcesBuildPhase section */
		4C6BA7751D0EB2870089AAF1 /* Sources */ = {
			isa = PBXSourcesBuildPhase;
			buildActionMask = 2147483647;
			files = (
				4C6BA7841D0EB2870089AAF1 /* ViewController.m in Sources */,
				4C6BA7811D0EB2870089AAF1 /* AppDelegate.m in Sources */,
				4C6BA77E1D0EB2870089AAF1 /* main.m in Sources */,
			);
			runOnlyForDeploymentPostprocessing = 0;
		};
/* End PBXSourcesBuildPhase section */

/* Begin PBXVariantGroup section */
		4C6BA78A1D0EB2870089AAF1 /* LaunchScreen.storyboard */ = {
			isa = PBXVariantGroup;
			children = (
				4C6BA78B1D0EB2870089AAF1 /* Base */,
			);
			name = LaunchScreen.storyboard;
			sourceTree = "<group>";
		};
/* End PBXVariantGroup section */

/* Begin XCBuildConfiguration section */
		4C6BA78E1D0EB2870089AAF1 /* Debug */ = {
			isa = XCBuildConfiguration;
			buildSettings = {
				ALWAYS_SEARCH_USER_PATHS = NO;
				CLANG_ANALYZER_NONNULL = YES;
				CLANG_CXX_LANGUAGE_STANDARD = "gnu++0x";
				CLANG_CXX_LIBRARY = "libc++";
				CLANG_ENABLE_MODULES = YES;
				CLANG_ENABLE_OBJC_ARC = YES;
				CLANG_WARN_BOOL_CONVERSION = YES;
				CLANG_WARN_CONSTANT_CONVERSION = YES;
				CLANG_WARN_DIRECT_OBJC_ISA_USAGE = YES_ERROR;
				CLANG_WARN_EMPTY_BODY = YES;
				CLANG_WARN_ENUM_CONVERSION = YES;
				CLANG_WARN_INT_CONVERSION = YES;
				CLANG_WARN_OBJC_ROOT_CLASS = YES_ERROR;
				CLANG_WARN_UNREACHABLE_CODE = YES;
				CLANG_WARN__DUPLICATE_METHOD_MATCH = YES;
				"CODE_SIGN_IDENTITY[sdk=iphoneos*]" = "iPhone Developer";
				COPY_PHASE_STRIP = NO;
				DEBUG_INFORMATION_FORMAT = dwarf;
				ENABLE_STRICT_OBJC_MSGSEND = YES;
				ENABLE_TESTABILITY = YES;
				GCC_C_LANGUAGE_STANDARD = gnu99;
				GCC_DYNAMIC_NO_PIC = NO;
				GCC_NO_COMMON_BLOCKS = YES;
				GCC_OPTIMIZATION_LEVEL = 0;
				GCC_PREPROCESSOR_DEFINITIONS = (
					"DEBUG=1",
					"$(inherited)",
				);
				GCC_WARN_64_TO_32_BIT_CONVERSION = YES;
				GCC_WARN_ABOUT_RETURN_TYPE = YES_ERROR;
				GCC_WARN_UNDECLARED_SELECTOR = YES;
				GCC_WARN_UNINITIALIZED_AUTOS = YES_AGGRESSIVE;
				GCC_WARN_UNUSED_FUNCTION = YES;
				GCC_WARN_UNUSED_VARIABLE = YES;
				IPHONEOS_DEPLOYMENT_TARGET = 9.3;
				MTL_ENABLE_DEBUG_INFO = YES;
				ONLY_ACTIVE_ARCH = YES;
				SDKROOT = iphoneos;
			};
			name = Debug;
		};
		4C6BA78F1D0EB2870089AAF1 /* Release */ = {
			isa = XCBuildConfiguration;
			buildSettings = {
				ALWAYS_SEARCH_USER_PATHS = NO;
				CLANG_ANALYZER_NONNULL = YES;
				CLANG_CXX_LANGUAGE_STANDARD = "gnu++0x";
				CLANG_CXX_LIBRARY = "libc++";
				CLANG_ENABLE_MODULES = YES;
				CLANG_ENABLE_OBJC_ARC = YES;
				CLANG_WARN_BOOL_CONVERSION = YES;
				CLANG_WARN_CONSTANT_CONVERSION = YES;
				CLANG_WARN_DIRECT_OBJC_ISA_USAGE = YES_ERROR;
				CLANG_WARN_EMPTY_BODY = YES;
				CLANG_WARN_ENUM_CONVERSION = YES;
				CLANG_WARN_INT_CONVERSION = YES;
				CLANG_WARN_OBJC_ROOT_CLASS = YES_ERROR;
				CLANG_WARN_UNREACHABLE_CODE = YES;
				CLANG_WARN__DUPLICATE_METHOD_MATCH = YES;
				"CODE_SIGN_IDENTITY[sdk=iphoneos*]" = "iPhone Developer";
				COPY_PHASE_STRIP = NO;
				DEBUG_INFORMATION_FORMAT = "dwarf-with-dsym";
				ENABLE_NS_ASSERTIONS = NO;
				ENABLE_STRICT_OBJC_MSGSEND = YES;
				GCC_C_LANGUAGE_STANDARD = gnu99;
				GCC_NO_COMMON_BLOCKS = YES;
				GCC_WARN_64_TO_32_BIT_CONVERSION = YES;
				GCC_WARN_ABOUT_RETURN_TYPE = YES_ERROR;
				GCC_WARN_UNDECLARED_SELECTOR = YES;
				GCC_WARN_UNINITIALIZED_AUTOS = YES_AGGRESSIVE;
				GCC_WARN_UNUSED_FUNCTION = YES;
				GCC_WARN_UNUSED_VARIABLE = YES;
				IPHONEOS_DEPLOYMENT_TARGET = 9.3;
				MTL_ENABLE_DEBUG_INFO = NO;
				SDKROOT = iphoneos;
				VALIDATE_PRODUCT = YES;
			};
			name = Release;
		};
		4C6BA7911D0EB2870089AAF1 /* Debug */ = {
			isa = XCBuildConfiguration;
			baseConfigurationReference = 33A6CC7ACD61CF408B5929F4 /* Pods-Demo.debug.xcconfig */;
			buildSettings = {
				ASSETCATALOG_COMPILER_APPICON_NAME = AppIcon;
				GCC_PREFIX_HEADER = "Demo/Demo-Header.pch";
				INFOPLIST_FILE = Demo/Info.plist;
				LD_RUNPATH_SEARCH_PATHS = "$(inherited) @executable_path/Frameworks";
				PRODUCT_BUNDLE_IDENTIFIER = com.storie.sdk.Demo;
				PRODUCT_NAME = "$(TARGET_NAME)";
			};
			name = Debug;
		};
		4C6BA7921D0EB2870089AAF1 /* Release */ = {
			isa = XCBuildConfiguration;
			baseConfigurationReference = 58FB609AD2046111B07B1298 /* Pods-Demo.release.xcconfig */;
			buildSettings = {
				ASSETCATALOG_COMPILER_APPICON_NAME = AppIcon;
				GCC_PREFIX_HEADER = "Demo/Demo-Header.pch";
				INFOPLIST_FILE = Demo/Info.plist;
				LD_RUNPATH_SEARCH_PATHS = "$(inherited) @executable_path/Frameworks";
				PRODUCT_BUNDLE_IDENTIFIER = com.storie.sdk.Demo;
				PRODUCT_NAME = "$(TARGET_NAME)";
			};
			name = Release;
		};
/* End XCBuildConfiguration section */

/* Begin XCConfigurationList section */
		4C6BA7741D0EB2870089AAF1 /* Build configuration list for PBXProject "Demo" */ = {
			isa = XCConfigurationList;
			buildConfigurations = (
				4C6BA78E1D0EB2870089AAF1 /* Debug */,
				4C6BA78F1D0EB2870089AAF1 /* Release */,
			);
			defaultConfigurationIsVisible = 0;
			defaultConfigurationName = Release;
		};
		4C6BA7901D0EB2870089AAF1 /* Build configuration list for PBXNativeTarget "Demo" */ = {
			isa = XCConfigurationList;
			buildConfigurations = (
				4C6BA7911D0EB2870089AAF1 /* Debug */,
				4C6BA7921D0EB2870089AAF1 /* Release */,
			);
			defaultConfigurationIsVisible = 0;
			defaultConfigurationName = Release;
		};
/* End XCConfigurationList section */
	};
	rootObject = 4C6BA7711D0EB2870089AAF1 /* Project object */;
}
